
Microsoft Visual Studio Solution File, Format Version 11.00
# Visual C++ Express 2010
Project("{8BC9CEB8-8B4A-11D0-8D11-00A0C91BC942}") = "naoqisim", "naoqisim.vcxproj", "{E15113EB-7823-128F-00BD-57CA93FDEC0E}"
EndProject
Global
	GlobalSection(SolutionConfigurationPlatforms) = preSolution
		Release|Win32 = Release|Win32
	EndGlobalSection
	GlobalSection(ProjectConfigurationPlatforms) = postSolution
		{E15113EB-7823-128F-00BD-57CA93FDEC0E}.Release|Win32.ActiveCfg = Release|Win32
		{E15113EB-7823-128F-00BD-57CA93FDEC0E}.Release|Win32.Build.0 = Release|Win32
	EndGlobalSection
	GlobalSection(SolutionProperties) = preSolution
		HideSolutionNode = FALSE
	EndGlobalSection
EndGlobal
